
Microsoft Visual Studio Solution File, Format Version 12.00
# Visual Studio 15
VisualStudioVersion = 15.0.26430.12
MinimumVisualStudioVersion = 10.0.40219.1
Project("{FAE04EC0-301F-11D3-BF4B-00C04F79EFBC}") = "TeamProjectEF", "TeamProjectEF\TeamProjectEF.csproj", "{D3E99BC0-B165-4739-8499-942D91717580}"
EndProject
Project("{FAE04EC0-301F-11D3-BF4B-00C04F79EFBC}") = "TeamProject.Models", "TeamProject.Models\TeamProject.Models.csproj", "{500DACD1-8574-4458-BB52-E57D8950394D}"
EndProject
Project("{FAE04EC0-301F-11D3-BF4B-00C04F79EFBC}") = "Test", "Test\Test.csproj", "{9E7655C7-2C94-449C-A128-3CBD71D27520}"
EndProject
Project("{FAE04EC0-301F-11D3-BF4B-00C04F79EFBC}") = "ExternalDataReader", "ExternalDataReader\ExternalDataReader.csproj", "{BD7F8E04-181F-40F6-8F78-3FCAA17BBD44}"
EndProject
Global
	GlobalSection(SolutionConfigurationPlatforms) = preSolution
		Debug|Any CPU = Debug|Any CPU
		Release|Any CPU = Release|Any CPU
	EndGlobalSection
	GlobalSection(ProjectConfigurationPlatforms) = postSolution
		{D3E99BC0-B165-4739-8499-942D91717580}.Debug|Any CPU.ActiveCfg = Debug|Any CPU
		{D3E99BC0-B165-4739-8499-942D91717580}.Debug|Any CPU.Build.0 = Debug|Any CPU
		{D3E99BC0-B165-4739-8499-942D91717580}.Release|Any CPU.ActiveCfg = Release|Any CPU
		{D3E99BC0-B165-4739-8499-942D91717580}.Release|Any CPU.Build.0 = Release|Any CPU
		{500DACD1-8574-4458-BB52-E57D8950394D}.Debug|Any CPU.ActiveCfg = Debug|Any CPU
		{500DACD1-8574-4458-BB52-E57D8950394D}.Debug|Any CPU.Build.0 = Debug|Any CPU
		{500DACD1-8574-4458-BB52-E57D8950394D}.Release|Any CPU.ActiveCfg = Release|Any CPU
		{500DACD1-8574-4458-BB52-E57D8950394D}.Release|Any CPU.Build.0 = Release|Any CPU
		{9E7655C7-2C94-449C-A128-3CBD71D27520}.Debug|Any CPU.ActiveCfg = Debug|Any CPU
		{9E7655C7-2C94-449C-A128-3CBD71D27520}.Debug|Any CPU.Build.0 = Debug|Any CPU
		{9E7655C7-2C94-449C-A128-3CBD71D27520}.Release|Any CPU.ActiveCfg = Release|Any CPU
		{9E7655C7-2C94-449C-A128-3CBD71D27520}.Release|Any CPU.Build.0 = Release|Any CPU
		{BD7F8E04-181F-40F6-8F78-3FCAA17BBD44}.Debug|Any CPU.ActiveCfg = Debug|Any CPU
		{BD7F8E04-181F-40F6-8F78-3FCAA17BBD44}.Debug|Any CPU.Build.0 = Debug|Any CPU
		{BD7F8E04-181F-40F6-8F78-3FCAA17BBD44}.Release|Any CPU.ActiveCfg = Release|Any CPU
		{BD7F8E04-181F-40F6-8F78-3FCAA17BBD44}.Release|Any CPU.Build.0 = Release|Any CPU
	EndGlobalSection
	GlobalSection(SolutionProperties) = preSolution
		HideSolutionNode = FALSE
	EndGlobalSection
EndGlobal
